
Microsoft Visual Studio Solution File, Format Version 12.00
# Visual Studio 14
VisualStudioVersion = 14.0.25420.1
MinimumVisualStudioVersion = 10.0.40219.1
Project("{FAE04EC0-301F-11D3-BF4B-00C04F79EFBC}") = "kkkkkkaaaaaa.2015", "kkkkkkaaaaaa\kkkkkkaaaaaa.2015.csproj", "{8107DB4E-0B4E-4869-ADA4-063DADB28197}"
EndProject
Project("{FAE04EC0-301F-11D3-BF4B-00C04F79EFBC}") = "kkkkkkaaaaaa.kkkkkkaaaaaa.Xunit.2015", "kkkkkkaaaaaa.kkkkkkaaaaaa.Xunit\kkkkkkaaaaaa.kkkkkkaaaaaa.Xunit.2015.csproj", "{17178101-4306-4DC7-9108-9039C4B21A40}"
EndProject
Project("{FAE04EC0-301F-11D3-BF4B-00C04F79EFBC}") = "kkkkkkaaaaaa.Xunit.2015", "kkkkkkaaaaaa.Xunit\kkkkkkaaaaaa.Xunit.2015.csproj", "{8E9AE339-DA24-4418-B6D5-C1661BC958EE}"
EndProject
Global
	GlobalSection(SolutionConfigurationPlatforms) = preSolution
		Debug|Any CPU = Debug|Any CPU
		Release|Any CPU = Release|Any CPU
	EndGlobalSection
	GlobalSection(ProjectConfigurationPlatforms) = postSolution
		{8107DB4E-0B4E-4869-ADA4-063DADB28197}.Debug|Any CPU.ActiveCfg = Debug|Any CPU
		{8107DB4E-0B4E-4869-ADA4-063DADB28197}.Debug|Any CPU.Build.0 = Debug|Any CPU
		{8107DB4E-0B4E-4869-ADA4-063DADB28197}.Release|Any CPU.ActiveCfg = Release|Any CPU
		{8107DB4E-0B4E-4869-ADA4-063DADB28197}.Release|Any CPU.Build.0 = Release|Any CPU
		{17178101-4306-4DC7-9108-9039C4B21A40}.Debug|Any CPU.ActiveCfg = Debug|Any CPU
		{17178101-4306-4DC7-9108-9039C4B21A40}.Debug|Any CPU.Build.0 = Debug|Any CPU
		{17178101-4306-4DC7-9108-9039C4B21A40}.Release|Any CPU.ActiveCfg = Release|Any CPU
		{17178101-4306-4DC7-9108-9039C4B21A40}.Release|Any CPU.Build.0 = Release|Any CPU
		{8E9AE339-DA24-4418-B6D5-C1661BC958EE}.Debug|Any CPU.ActiveCfg = Debug|Any CPU
		{8E9AE339-DA24-4418-B6D5-C1661BC958EE}.Debug|Any CPU.Build.0 = Debug|Any CPU
		{8E9AE339-DA24-4418-B6D5-C1661BC958EE}.Release|Any CPU.ActiveCfg = Release|Any CPU
		{8E9AE339-DA24-4418-B6D5-C1661BC958EE}.Release|Any CPU.Build.0 = Release|Any CPU
	EndGlobalSection
	GlobalSection(SolutionProperties) = preSolution
		HideSolutionNode = FALSE
	EndGlobalSection
EndGlobal
