
Microsoft Visual Studio Solution File, Format Version 11.00
# Visual Studio 2010
Project("{CC5FD16D-436D-48AD-A40C-5A424C6E3E79}") = "kkkkkkaaaaaa.WindowsAzure", "kkkkkkaaaaaa.WindowsAzure\kkkkkkaaaaaa.WindowsAzure.ccproj", "{5AFDB8D1-137F-4FF2-B136-3411CC530C74}"
EndProject
Global
	GlobalSection(SolutionConfigurationPlatforms) = preSolution
		Debug|Any CPU = Debug|Any CPU
		Release|Any CPU = Release|Any CPU
	EndGlobalSection
	GlobalSection(ProjectConfigurationPlatforms) = postSolution
		{5AFDB8D1-137F-4FF2-B136-3411CC530C74}.Debug|Any CPU.ActiveCfg = Debug|Any CPU
		{5AFDB8D1-137F-4FF2-B136-3411CC530C74}.Debug|Any CPU.Build.0 = Debug|Any CPU
		{5AFDB8D1-137F-4FF2-B136-3411CC530C74}.Release|Any CPU.ActiveCfg = Release|Any CPU
		{5AFDB8D1-137F-4FF2-B136-3411CC530C74}.Release|Any CPU.Build.0 = Release|Any CPU
	EndGlobalSection
	GlobalSection(SolutionProperties) = preSolution
		HideSolutionNode = FALSE
	EndGlobalSection
EndGlobal
