
Microsoft Visual Studio Solution File, Format Version 11.00
# Visual Web Developer Express 2010
Project("{CC5FD16D-436D-48AD-A40C-5A424C6E3E79}") = "kkkkkkaaaaaa.WindowsAzure.2010", "kkkkkkaaaaaa.WindowsAzure\kkkkkkaaaaaa.WindowsAzure.2010.ccproj", "{9837DEEA-CEDE-4AEC-9A06-AB6BB7856A20}"
EndProject
Project("{FAE04EC0-301F-11D3-BF4B-00C04F79EFBC}") = "kkkkkkaaaaaa.WindowsAzure.Web.Mvc.2010", "kkkkkkaaaaaa.Web.Mvc\kkkkkkaaaaaa.WindowsAzure.Web.Mvc.2010.csproj", "{088BD8FF-97F8-4A55-9095-21F1F6632793}"
EndProject
Project("{FAE04EC0-301F-11D3-BF4B-00C04F79EFBC}") = "kkkkkkaaaaaa.kkkkkkaaaaaa.2010", "kkkkkkaaaaaa.kkkkkkaaaaaa\kkkkkkaaaaaa.kkkkkkaaaaaa.2010.csproj", "{4C2FB222-66B5-4BED-9251-AF9896CFFF44}"
EndProject
Project("{FAE04EC0-301F-11D3-BF4B-00C04F79EFBC}") = "kkkkkkaaaaaa.2010", "kkkkkkaaaaaa\kkkkkkaaaaaa.2010.csproj", "{24985E63-0FAF-4F7B-93DD-6764F0E3F6A4}"
EndProject
Project("{FAE04EC0-301F-11D3-BF4B-00C04F79EFBC}") = "kkkkkkaaaaaa.kkkkkkaaaaaa.Xunit.2010", "kkkkkkaaaaaa.kkkkkkaaaaaa.Xunit\kkkkkkaaaaaa.kkkkkkaaaaaa.Xunit.2010.csproj", "{FE15D0D9-BC3B-4221-970F-F3C24B053F7D}"
EndProject
Global
	GlobalSection(SolutionConfigurationPlatforms) = preSolution
		Debug|Any CPU = Debug|Any CPU
		Debug|x64 = Debug|x64
		Debug|x86 = Debug|x86
		Release|Any CPU = Release|Any CPU
		Release|x64 = Release|x64
		Release|x86 = Release|x86
	EndGlobalSection
	GlobalSection(ProjectConfigurationPlatforms) = postSolution
		{9837DEEA-CEDE-4AEC-9A06-AB6BB7856A20}.Debug|Any CPU.ActiveCfg = Debug|Any CPU
		{9837DEEA-CEDE-4AEC-9A06-AB6BB7856A20}.Debug|Any CPU.Build.0 = Debug|Any CPU
		{9837DEEA-CEDE-4AEC-9A06-AB6BB7856A20}.Debug|x64.ActiveCfg = Debug|Any CPU
		{9837DEEA-CEDE-4AEC-9A06-AB6BB7856A20}.Debug|x86.ActiveCfg = Debug|Any CPU
		{9837DEEA-CEDE-4AEC-9A06-AB6BB7856A20}.Release|Any CPU.ActiveCfg = Release|Any CPU
		{9837DEEA-CEDE-4AEC-9A06-AB6BB7856A20}.Release|Any CPU.Build.0 = Release|Any CPU
		{9837DEEA-CEDE-4AEC-9A06-AB6BB7856A20}.Release|x64.ActiveCfg = Release|Any CPU
		{9837DEEA-CEDE-4AEC-9A06-AB6BB7856A20}.Release|x86.ActiveCfg = Release|Any CPU
		{088BD8FF-97F8-4A55-9095-21F1F6632793}.Debug|Any CPU.ActiveCfg = Debug|Any CPU
		{088BD8FF-97F8-4A55-9095-21F1F6632793}.Debug|Any CPU.Build.0 = Debug|Any CPU
		{088BD8FF-97F8-4A55-9095-21F1F6632793}.Debug|x64.ActiveCfg = Debug|Any CPU
		{088BD8FF-97F8-4A55-9095-21F1F6632793}.Debug|x86.ActiveCfg = Debug|Any CPU
		{088BD8FF-97F8-4A55-9095-21F1F6632793}.Release|Any CPU.ActiveCfg = Release|Any CPU
		{088BD8FF-97F8-4A55-9095-21F1F6632793}.Release|Any CPU.Build.0 = Release|Any CPU
		{088BD8FF-97F8-4A55-9095-21F1F6632793}.Release|x64.ActiveCfg = Release|Any CPU
		{088BD8FF-97F8-4A55-9095-21F1F6632793}.Release|x86.ActiveCfg = Release|Any CPU
		{4C2FB222-66B5-4BED-9251-AF9896CFFF44}.Debug|Any CPU.ActiveCfg = Debug|Any CPU
		{4C2FB222-66B5-4BED-9251-AF9896CFFF44}.Debug|Any CPU.Build.0 = Debug|Any CPU
		{4C2FB222-66B5-4BED-9251-AF9896CFFF44}.Debug|x64.ActiveCfg = Debug|x64
		{4C2FB222-66B5-4BED-9251-AF9896CFFF44}.Debug|x64.Build.0 = Debug|x64
		{4C2FB222-66B5-4BED-9251-AF9896CFFF44}.Debug|x86.ActiveCfg = Debug|x86
		{4C2FB222-66B5-4BED-9251-AF9896CFFF44}.Debug|x86.Build.0 = Debug|x86
		{4C2FB222-66B5-4BED-9251-AF9896CFFF44}.Release|Any CPU.ActiveCfg = Release|Any CPU
		{4C2FB222-66B5-4BED-9251-AF9896CFFF44}.Release|Any CPU.Build.0 = Release|Any CPU
		{4C2FB222-66B5-4BED-9251-AF9896CFFF44}.Release|x64.ActiveCfg = Release|x64
		{4C2FB222-66B5-4BED-9251-AF9896CFFF44}.Release|x64.Build.0 = Release|x64
		{4C2FB222-66B5-4BED-9251-AF9896CFFF44}.Release|x86.ActiveCfg = Release|x86
		{4C2FB222-66B5-4BED-9251-AF9896CFFF44}.Release|x86.Build.0 = Release|x86
		{24985E63-0FAF-4F7B-93DD-6764F0E3F6A4}.Debug|Any CPU.ActiveCfg = Debug|Any CPU
		{24985E63-0FAF-4F7B-93DD-6764F0E3F6A4}.Debug|Any CPU.Build.0 = Debug|Any CPU
		{24985E63-0FAF-4F7B-93DD-6764F0E3F6A4}.Debug|x64.ActiveCfg = Debug|x64
		{24985E63-0FAF-4F7B-93DD-6764F0E3F6A4}.Debug|x64.Build.0 = Debug|x64
		{24985E63-0FAF-4F7B-93DD-6764F0E3F6A4}.Debug|x86.ActiveCfg = Debug|x86
		{24985E63-0FAF-4F7B-93DD-6764F0E3F6A4}.Debug|x86.Build.0 = Debug|x86
		{24985E63-0FAF-4F7B-93DD-6764F0E3F6A4}.Release|Any CPU.ActiveCfg = Release|Any CPU
		{24985E63-0FAF-4F7B-93DD-6764F0E3F6A4}.Release|Any CPU.Build.0 = Release|Any CPU
		{24985E63-0FAF-4F7B-93DD-6764F0E3F6A4}.Release|x64.ActiveCfg = Release|x64
		{24985E63-0FAF-4F7B-93DD-6764F0E3F6A4}.Release|x64.Build.0 = Release|x64
		{24985E63-0FAF-4F7B-93DD-6764F0E3F6A4}.Release|x86.ActiveCfg = Release|x86
		{24985E63-0FAF-4F7B-93DD-6764F0E3F6A4}.Release|x86.Build.0 = Release|x86
		{FE15D0D9-BC3B-4221-970F-F3C24B053F7D}.Debug|Any CPU.ActiveCfg = Debug|Any CPU
		{FE15D0D9-BC3B-4221-970F-F3C24B053F7D}.Debug|Any CPU.Build.0 = Debug|Any CPU
		{FE15D0D9-BC3B-4221-970F-F3C24B053F7D}.Debug|x64.ActiveCfg = Debug|Any CPU
		{FE15D0D9-BC3B-4221-970F-F3C24B053F7D}.Debug|x86.ActiveCfg = Debug|Any CPU
		{FE15D0D9-BC3B-4221-970F-F3C24B053F7D}.Release|Any CPU.ActiveCfg = Release|Any CPU
		{FE15D0D9-BC3B-4221-970F-F3C24B053F7D}.Release|Any CPU.Build.0 = Release|Any CPU
		{FE15D0D9-BC3B-4221-970F-F3C24B053F7D}.Release|x64.ActiveCfg = Release|Any CPU
		{FE15D0D9-BC3B-4221-970F-F3C24B053F7D}.Release|x86.ActiveCfg = Release|Any CPU
	EndGlobalSection
	GlobalSection(SolutionProperties) = preSolution
		HideSolutionNode = FALSE
	EndGlobalSection
EndGlobal
